
Microsoft Visual Studio Solution File, Format Version 12.00
# Visual Studio Version 17
VisualStudioVersion = 17.14.36908.2 d17.14
MinimumVisualStudioVersion = 10.0.40219.1
Project("{FAE04EC0-301F-11D3-BF4B-00C04F79EFBC}") = "ClientServer", "ClientServer.csproj", "{ED0B1F2E-649C-4975-8B6F-8EE68244AD62}"
EndProject
Global
	GlobalSection(SolutionConfigurationPlatforms) = preSolution
		Debug|Any CPU = Debug|Any CPU
		Release|Any CPU = Release|Any CPU
	EndGlobalSection
	GlobalSection(ProjectConfigurationPlatforms) = postSolution
		{ED0B1F2E-649C-4975-8B6F-8EE68244AD62}.Debug|Any CPU.ActiveCfg = Debug|Any CPU
		{ED0B1F2E-649C-4975-8B6F-8EE68244AD62}.Debug|Any CPU.Build.0 = Debug|Any CPU
		{ED0B1F2E-649C-4975-8B6F-8EE68244AD62}.Release|Any CPU.ActiveCfg = Release|Any CPU
		{ED0B1F2E-649C-4975-8B6F-8EE68244AD62}.Release|Any CPU.Build.0 = Release|Any CPU
	EndGlobalSection
	GlobalSection(SolutionProperties) = preSolution
		HideSolutionNode = FALSE
	EndGlobalSection
	GlobalSection(ExtensibilityGlobals) = postSolution
		SolutionGuid = {993FEA11-8F44-459D-B962-036F72F37A47}
	EndGlobalSection
EndGlobal
