
Microsoft Visual Studio Solution File, Format Version 12.00
# Visual Studio Version 17
VisualStudioVersion = 17.14.36908.2
MinimumVisualStudioVersion = 10.0.40219.1
Project("{FAE04EC0-301F-11D3-BF4B-00C04F79EFBC}") = "Client", "Client.csproj", "{7DE696D5-694B-4C76-92DC-367CA6DFB653}"
EndProject
Project("{FAE04EC0-301F-11D3-BF4B-00C04F79EFBC}") = "Server", "..\Server\Server.csproj", "{9253C782-8BFB-9B50-EF5D-D0174F3C77FF}"
	ProjectSection(ProjectDependencies) = postProject
		{8E925345-DF75-AC49-A21D-542C532DE122} = {8E925345-DF75-AC49-A21D-542C532DE122}
	EndProjectSection
EndProject
Project("{FAE04EC0-301F-11D3-BF4B-00C04F79EFBC}") = "ClientServer", "..\ClientServer\ClientServer.csproj", "{8E925345-DF75-AC49-A21D-542C532DE122}"
	ProjectSection(ProjectDependencies) = postProject
		{7DE696D5-694B-4C76-92DC-367CA6DFB653} = {7DE696D5-694B-4C76-92DC-367CA6DFB653}
	EndProjectSection
EndProject
Project("{2150E333-8FDC-42A3-9474-1A3956D46DE8}") = "Common", "Common", "{02EA681E-C7D8-13C7-8484-4AC65E1B71E8}"
	ProjectSection(SolutionItems) = preProject
		KonfiguracijaAutomobila.cs = KonfiguracijaAutomobila.cs
	EndProjectSection
EndProject
Global
	GlobalSection(SolutionConfigurationPlatforms) = preSolution
		Debug|Any CPU = Debug|Any CPU
		Release|Any CPU = Release|Any CPU
	EndGlobalSection
	GlobalSection(ProjectConfigurationPlatforms) = postSolution
		{7DE696D5-694B-4C76-92DC-367CA6DFB653}.Debug|Any CPU.ActiveCfg = Debug|Any CPU
		{7DE696D5-694B-4C76-92DC-367CA6DFB653}.Debug|Any CPU.Build.0 = Debug|Any CPU
		{7DE696D5-694B-4C76-92DC-367CA6DFB653}.Release|Any CPU.ActiveCfg = Release|Any CPU
		{7DE696D5-694B-4C76-92DC-367CA6DFB653}.Release|Any CPU.Build.0 = Release|Any CPU
		{9253C782-8BFB-9B50-EF5D-D0174F3C77FF}.Debug|Any CPU.ActiveCfg = Debug|Any CPU
		{9253C782-8BFB-9B50-EF5D-D0174F3C77FF}.Debug|Any CPU.Build.0 = Debug|Any CPU
		{9253C782-8BFB-9B50-EF5D-D0174F3C77FF}.Release|Any CPU.ActiveCfg = Release|Any CPU
		{9253C782-8BFB-9B50-EF5D-D0174F3C77FF}.Release|Any CPU.Build.0 = Release|Any CPU
		{8E925345-DF75-AC49-A21D-542C532DE122}.Debug|Any CPU.ActiveCfg = Debug|Any CPU
		{8E925345-DF75-AC49-A21D-542C532DE122}.Debug|Any CPU.Build.0 = Debug|Any CPU
		{8E925345-DF75-AC49-A21D-542C532DE122}.Release|Any CPU.ActiveCfg = Release|Any CPU
		{8E925345-DF75-AC49-A21D-542C532DE122}.Release|Any CPU.Build.0 = Release|Any CPU
	EndGlobalSection
	GlobalSection(SolutionProperties) = preSolution
		HideSolutionNode = FALSE
	EndGlobalSection
	GlobalSection(ExtensibilityGlobals) = postSolution
		SolutionGuid = {E42FDA53-48AF-49C7-86A8-E949595500A3}
	EndGlobalSection
EndGlobal
