
Microsoft Visual Studio Solution File, Format Version 12.00
# Visual Studio Version 17
VisualStudioVersion = 17.14.36908.2 d17.14
MinimumVisualStudioVersion = 10.0.40219.1
Project("{FAE04EC0-301F-11D3-BF4B-00C04F79EFBC}") = "Client", "Client.csproj", "{7DE696D5-694B-4C76-92DC-367CA6DFB653}"
EndProject
Global
	GlobalSection(SolutionConfigurationPlatforms) = preSolution
		Debug|Any CPU = Debug|Any CPU
		Release|Any CPU = Release|Any CPU
	EndGlobalSection
	GlobalSection(ProjectConfigurationPlatforms) = postSolution
		{7DE696D5-694B-4C76-92DC-367CA6DFB653}.Debug|Any CPU.ActiveCfg = Debug|Any CPU
		{7DE696D5-694B-4C76-92DC-367CA6DFB653}.Debug|Any CPU.Build.0 = Debug|Any CPU
		{7DE696D5-694B-4C76-92DC-367CA6DFB653}.Release|Any CPU.ActiveCfg = Release|Any CPU
		{7DE696D5-694B-4C76-92DC-367CA6DFB653}.Release|Any CPU.Build.0 = Release|Any CPU
	EndGlobalSection
	GlobalSection(SolutionProperties) = preSolution
		HideSolutionNode = FALSE
	EndGlobalSection
	GlobalSection(ExtensibilityGlobals) = postSolution
		SolutionGuid = {E42FDA53-48AF-49C7-86A8-E949595500A3}
	EndGlobalSection
EndGlobal
